
Microsoft Visual Studio Solution File, Format Version 12.00
# Visual Studio Version 17
Project("{8BC9CEB8-8B4A-11D0-8D11-00A0C91BC942}") = "ALL_BUILD", "ALL_BUILD.vcxproj", "{3C37F9E4-E4E8-3019-9691-0569C93B8756}"
	ProjectSection(ProjectDependencies) = postProject
		{6A0DFCDE-932D-3EBA-A2AD-849742487E3D} = {6A0DFCDE-932D-3EBA-A2AD-849742487E3D}
		{5145AC80-AC2C-3B72-9188-8627469C4F17} = {5145AC80-AC2C-3B72-9188-8627469C4F17}
		{80EACF8F-2237-353D-A9F0-46A039FCF5D9} = {80EACF8F-2237-353D-A9F0-46A039FCF5D9}
		{95DF1139-1539-39DF-B3D9-4D7FB6CF30A2} = {95DF1139-1539-39DF-B3D9-4D7FB6CF30A2}
		{48D30D84-6D1C-3B49-9C66-F67BB76FCAEF} = {48D30D84-6D1C-3B49-9C66-F67BB76FCAEF}
		{5B06B478-837E-3E6A-AACE-740B5BCA43B1} = {5B06B478-837E-3E6A-AACE-740B5BCA43B1}
		{A0DB9DA2-07F8-3052-8879-1654822BE0AC} = {A0DB9DA2-07F8-3052-8879-1654822BE0AC}
	EndProjectSection
EndProject
Project("{8BC9CEB8-8B4A-11D0-8D11-00A0C91BC942}") = "ZERO_CHECK", "ZERO_CHECK.vcxproj", "{6A0DFCDE-932D-3EBA-A2AD-849742487E3D}"
	ProjectSection(ProjectDependencies) = postProject
	EndProjectSection
EndProject
Project("{8BC9CEB8-8B4A-11D0-8D11-00A0C91BC942}") = "gpu", "gpu.vcxproj", "{5145AC80-AC2C-3B72-9188-8627469C4F17}"
	ProjectSection(ProjectDependencies) = postProject
		{6A0DFCDE-932D-3EBA-A2AD-849742487E3D} = {6A0DFCDE-932D-3EBA-A2AD-849742487E3D}
	EndProjectSection
EndProject
Project("{8BC9CEB8-8B4A-11D0-8D11-00A0C91BC942}") = "managed", "ex4\managed.vcxproj", "{80EACF8F-2237-353D-A9F0-46A039FCF5D9}"
	ProjectSection(ProjectDependencies) = postProject
		{6A0DFCDE-932D-3EBA-A2AD-849742487E3D} = {6A0DFCDE-932D-3EBA-A2AD-849742487E3D}
	EndProjectSection
EndProject
Project("{8BC9CEB8-8B4A-11D0-8D11-00A0C91BC942}") = "matmul", "ex1\matmul.vcxproj", "{95DF1139-1539-39DF-B3D9-4D7FB6CF30A2}"
	ProjectSection(ProjectDependencies) = postProject
		{6A0DFCDE-932D-3EBA-A2AD-849742487E3D} = {6A0DFCDE-932D-3EBA-A2AD-849742487E3D}
	EndProjectSection
EndProject
Project("{8BC9CEB8-8B4A-11D0-8D11-00A0C91BC942}") = "reduction", "ex3\reduction.vcxproj", "{48D30D84-6D1C-3B49-9C66-F67BB76FCAEF}"
	ProjectSection(ProjectDependencies) = postProject
		{6A0DFCDE-932D-3EBA-A2AD-849742487E3D} = {6A0DFCDE-932D-3EBA-A2AD-849742487E3D}
	EndProjectSection
EndProject
Project("{8BC9CEB8-8B4A-11D0-8D11-00A0C91BC942}") = "simu", "RK45\simu.vcxproj", "{5B06B478-837E-3E6A-AACE-740B5BCA43B1}"
	ProjectSection(ProjectDependencies) = postProject
		{6A0DFCDE-932D-3EBA-A2AD-849742487E3D} = {6A0DFCDE-932D-3EBA-A2AD-849742487E3D}
	EndProjectSection
EndProject
Project("{8BC9CEB8-8B4A-11D0-8D11-00A0C91BC942}") = "stream", "ex2\stream.vcxproj", "{A0DB9DA2-07F8-3052-8879-1654822BE0AC}"
	ProjectSection(ProjectDependencies) = postProject
		{6A0DFCDE-932D-3EBA-A2AD-849742487E3D} = {6A0DFCDE-932D-3EBA-A2AD-849742487E3D}
	EndProjectSection
EndProject
Global
	GlobalSection(SolutionConfigurationPlatforms) = preSolution
		Debug|x64 = Debug|x64
		Release|x64 = Release|x64
		MinSizeRel|x64 = MinSizeRel|x64
		RelWithDebInfo|x64 = RelWithDebInfo|x64
	EndGlobalSection
	GlobalSection(ProjectConfigurationPlatforms) = postSolution
		{3C37F9E4-E4E8-3019-9691-0569C93B8756}.Debug|x64.ActiveCfg = Debug|x64
		{3C37F9E4-E4E8-3019-9691-0569C93B8756}.Release|x64.ActiveCfg = Release|x64
		{3C37F9E4-E4E8-3019-9691-0569C93B8756}.MinSizeRel|x64.ActiveCfg = MinSizeRel|x64
		{3C37F9E4-E4E8-3019-9691-0569C93B8756}.RelWithDebInfo|x64.ActiveCfg = RelWithDebInfo|x64
		{6A0DFCDE-932D-3EBA-A2AD-849742487E3D}.Debug|x64.ActiveCfg = Debug|x64
		{6A0DFCDE-932D-3EBA-A2AD-849742487E3D}.Debug|x64.Build.0 = Debug|x64
		{6A0DFCDE-932D-3EBA-A2AD-849742487E3D}.Release|x64.ActiveCfg = Release|x64
		{6A0DFCDE-932D-3EBA-A2AD-849742487E3D}.Release|x64.Build.0 = Release|x64
		{6A0DFCDE-932D-3EBA-A2AD-849742487E3D}.MinSizeRel|x64.ActiveCfg = MinSizeRel|x64
		{6A0DFCDE-932D-3EBA-A2AD-849742487E3D}.MinSizeRel|x64.Build.0 = MinSizeRel|x64
		{6A0DFCDE-932D-3EBA-A2AD-849742487E3D}.RelWithDebInfo|x64.ActiveCfg = RelWithDebInfo|x64
		{6A0DFCDE-932D-3EBA-A2AD-849742487E3D}.RelWithDebInfo|x64.Build.0 = RelWithDebInfo|x64
		{5145AC80-AC2C-3B72-9188-8627469C4F17}.Debug|x64.ActiveCfg = Debug|x64
		{5145AC80-AC2C-3B72-9188-8627469C4F17}.Debug|x64.Build.0 = Debug|x64
		{5145AC80-AC2C-3B72-9188-8627469C4F17}.Release|x64.ActiveCfg = Release|x64
		{5145AC80-AC2C-3B72-9188-8627469C4F17}.Release|x64.Build.0 = Release|x64
		{5145AC80-AC2C-3B72-9188-8627469C4F17}.MinSizeRel|x64.ActiveCfg = MinSizeRel|x64
		{5145AC80-AC2C-3B72-9188-8627469C4F17}.MinSizeRel|x64.Build.0 = MinSizeRel|x64
		{5145AC80-AC2C-3B72-9188-8627469C4F17}.RelWithDebInfo|x64.ActiveCfg = RelWithDebInfo|x64
		{5145AC80-AC2C-3B72-9188-8627469C4F17}.RelWithDebInfo|x64.Build.0 = RelWithDebInfo|x64
		{80EACF8F-2237-353D-A9F0-46A039FCF5D9}.Debug|x64.ActiveCfg = Debug|x64
		{80EACF8F-2237-353D-A9F0-46A039FCF5D9}.Debug|x64.Build.0 = Debug|x64
		{80EACF8F-2237-353D-A9F0-46A039FCF5D9}.Release|x64.ActiveCfg = Release|x64
		{80EACF8F-2237-353D-A9F0-46A039FCF5D9}.Release|x64.Build.0 = Release|x64
		{80EACF8F-2237-353D-A9F0-46A039FCF5D9}.MinSizeRel|x64.ActiveCfg = MinSizeRel|x64
		{80EACF8F-2237-353D-A9F0-46A039FCF5D9}.MinSizeRel|x64.Build.0 = MinSizeRel|x64
		{80EACF8F-2237-353D-A9F0-46A039FCF5D9}.RelWithDebInfo|x64.ActiveCfg = RelWithDebInfo|x64
		{80EACF8F-2237-353D-A9F0-46A039FCF5D9}.RelWithDebInfo|x64.Build.0 = RelWithDebInfo|x64
		{95DF1139-1539-39DF-B3D9-4D7FB6CF30A2}.Debug|x64.ActiveCfg = Debug|x64
		{95DF1139-1539-39DF-B3D9-4D7FB6CF30A2}.Debug|x64.Build.0 = Debug|x64
		{95DF1139-1539-39DF-B3D9-4D7FB6CF30A2}.Release|x64.ActiveCfg = Release|x64
		{95DF1139-1539-39DF-B3D9-4D7FB6CF30A2}.Release|x64.Build.0 = Release|x64
		{95DF1139-1539-39DF-B3D9-4D7FB6CF30A2}.MinSizeRel|x64.ActiveCfg = MinSizeRel|x64
		{95DF1139-1539-39DF-B3D9-4D7FB6CF30A2}.MinSizeRel|x64.Build.0 = MinSizeRel|x64
		{95DF1139-1539-39DF-B3D9-4D7FB6CF30A2}.RelWithDebInfo|x64.ActiveCfg = RelWithDebInfo|x64
		{95DF1139-1539-39DF-B3D9-4D7FB6CF30A2}.RelWithDebInfo|x64.Build.0 = RelWithDebInfo|x64
		{48D30D84-6D1C-3B49-9C66-F67BB76FCAEF}.Debug|x64.ActiveCfg = Debug|x64
		{48D30D84-6D1C-3B49-9C66-F67BB76FCAEF}.Debug|x64.Build.0 = Debug|x64
		{48D30D84-6D1C-3B49-9C66-F67BB76FCAEF}.Release|x64.ActiveCfg = Release|x64
		{48D30D84-6D1C-3B49-9C66-F67BB76FCAEF}.Release|x64.Build.0 = Release|x64
		{48D30D84-6D1C-3B49-9C66-F67BB76FCAEF}.MinSizeRel|x64.ActiveCfg = MinSizeRel|x64
		{48D30D84-6D1C-3B49-9C66-F67BB76FCAEF}.MinSizeRel|x64.Build.0 = MinSizeRel|x64
		{48D30D84-6D1C-3B49-9C66-F67BB76FCAEF}.RelWithDebInfo|x64.ActiveCfg = RelWithDebInfo|x64
		{48D30D84-6D1C-3B49-9C66-F67BB76FCAEF}.RelWithDebInfo|x64.Build.0 = RelWithDebInfo|x64
		{5B06B478-837E-3E6A-AACE-740B5BCA43B1}.Debug|x64.ActiveCfg = Debug|x64
		{5B06B478-837E-3E6A-AACE-740B5BCA43B1}.Debug|x64.Build.0 = Debug|x64
		{5B06B478-837E-3E6A-AACE-740B5BCA43B1}.Release|x64.ActiveCfg = Release|x64
		{5B06B478-837E-3E6A-AACE-740B5BCA43B1}.Release|x64.Build.0 = Release|x64
		{5B06B478-837E-3E6A-AACE-740B5BCA43B1}.MinSizeRel|x64.ActiveCfg = MinSizeRel|x64
		{5B06B478-837E-3E6A-AACE-740B5BCA43B1}.MinSizeRel|x64.Build.0 = MinSizeRel|x64
		{5B06B478-837E-3E6A-AACE-740B5BCA43B1}.RelWithDebInfo|x64.ActiveCfg = RelWithDebInfo|x64
		{5B06B478-837E-3E6A-AACE-740B5BCA43B1}.RelWithDebInfo|x64.Build.0 = RelWithDebInfo|x64
		{A0DB9DA2-07F8-3052-8879-1654822BE0AC}.Debug|x64.ActiveCfg = Debug|x64
		{A0DB9DA2-07F8-3052-8879-1654822BE0AC}.Debug|x64.Build.0 = Debug|x64
		{A0DB9DA2-07F8-3052-8879-1654822BE0AC}.Release|x64.ActiveCfg = Release|x64
		{A0DB9DA2-07F8-3052-8879-1654822BE0AC}.Release|x64.Build.0 = Release|x64
		{A0DB9DA2-07F8-3052-8879-1654822BE0AC}.MinSizeRel|x64.ActiveCfg = MinSizeRel|x64
		{A0DB9DA2-07F8-3052-8879-1654822BE0AC}.MinSizeRel|x64.Build.0 = MinSizeRel|x64
		{A0DB9DA2-07F8-3052-8879-1654822BE0AC}.RelWithDebInfo|x64.ActiveCfg = RelWithDebInfo|x64
		{A0DB9DA2-07F8-3052-8879-1654822BE0AC}.RelWithDebInfo|x64.Build.0 = RelWithDebInfo|x64
	EndGlobalSection
	GlobalSection(ExtensibilityGlobals) = postSolution
		SolutionGuid = {03614B39-F092-30E1-A359-2A5EDF3DFBEF}
	EndGlobalSection
	GlobalSection(ExtensibilityAddIns) = postSolution
	EndGlobalSection
EndGlobal
